# This file is automatically @generated by Cargo.
# It is not intended for manual editing.
version = 3

[[package]]
name = "ahash"
version = "0.8.11"
source = "registry+https://github.com/rust-lang/crates.io-index"
checksum = "e89da841a80418a9b391ebaea17f5c112ffaaa96f621d2c285b5174da76b9011"
dependencies = [
 "cfg-if",
 "getrandom",
 "once_cell",
 "version_check",
 "zerocopy",
]

[[package]]
name = "aho-corasick"
version = "1.1.3"
source = "registry+https://github.com/rust-lang/crates.io-index"
checksum = "8e60d3430d3a69478ad0993f19238d2df97c507009a52b3c10addcd7f6bcb916"
dependencies = [
 "memchr",
]

[[package]]
name = "allocator-api2"
version = "0.2.18"
source = "registry+https://github.com/rust-lang/crates.io-index"
checksum = "5c6cb57a04249c6480766f7f7cef5467412af1490f8d1e243141daddada3264f"

[[package]]
name = "argminmax"
version = "0.6.2"
source = "registry+https://github.com/rust-lang/crates.io-index"
checksum = "52424b59d69d69d5056d508b260553afd91c57e21849579cd1f50ee8b8b88eaa"
dependencies = [
 "num-traits",
]

[[package]]
name = "array-init-cursor"
version = "0.2.0"
source = "registry+https://github.com/rust-lang/crates.io-index"
checksum = "bf7d0a018de4f6aa429b9d33d69edf69072b1c5b1cb8d3e4a5f7ef898fc3eb76"

[[package]]
name = "atoi_simd"
version = "0.15.6"
source = "registry+https://github.com/rust-lang/crates.io-index"
checksum = "9ae037714f313c1353189ead58ef9eec30a8e8dc101b2622d461418fd59e28a9"

[[package]]
name = "autocfg"
version = "1.2.0"
source = "registry+https://github.com/rust-lang/crates.io-index"
checksum = "f1fdabc7756949593fe60f30ec81974b613357de856987752631dea1e3394c80"

[[package]]
name = "base64"
version = "0.21.7"
source = "registry+https://github.com/rust-lang/crates.io-index"
checksum = "9d297deb1925b89f2ccc13d7635fa0714f12c87adce1c75356b39ca9b7178567"

[[package]]
name = "bitflags"
version = "2.5.0"
source = "registry+https://github.com/rust-lang/crates.io-index"
checksum = "cf4b9d6a944f767f8e5e0db018570623c85f3d925ac718db4e06d0187adb21c1"

[[package]]
name = "bumpalo"
version = "3.16.0"
source = "registry+https://github.com/rust-lang/crates.io-index"
checksum = "79296716171880943b8470b5f8d03aa55eb2e645a4874bdbb28adb49162e012c"

[[package]]
name = "bytemuck"
version = "1.15.0"
source = "registry+https://github.com/rust-lang/crates.io-index"
checksum = "5d6d68c57235a3a081186990eca2867354726650f42f7516ca50c28d6281fd15"
dependencies = [
 "bytemuck_derive",
]

[[package]]
name = "bytemuck_derive"
version = "1.6.0"
source = "registry+https://github.com/rust-lang/crates.io-index"
checksum = "4da9a32f3fed317401fa3c862968128267c3106685286e15d5aaa3d7389c2f60"
dependencies = [
 "proc-macro2",
 "quote",
 "syn 2.0.59",
]

[[package]]
name = "bytes"
version = "1.6.0"
source = "registry+https://github.com/rust-lang/crates.io-index"
checksum = "514de17de45fdb8dc022b1a7975556c53c86f9f0aa5f534b98977b171857c2c9"

[[package]]
name = "cc"
version = "1.0.94"
source = "registry+https://github.com/rust-lang/crates.io-index"
checksum = "17f6e324229dc011159fcc089755d1e2e216a90d43a7dea6853ca740b84f35e7"

[[package]]
name = "cfg-if"
version = "1.0.0"
source = "registry+https://github.com/rust-lang/crates.io-index"
checksum = "baf1de4339761588bc0619e3cbc0120ee582ebb74b53b4efbf79117bd2da40fd"

[[package]]
name = "chrono"
version = "0.4.38"
source = "registry+https://github.com/rust-lang/crates.io-index"
checksum = "a21f936df1771bf62b77f047b726c4625ff2e8aa607c01ec06e5a05bd8463401"
dependencies = [
 "num-traits",
]

[[package]]
name = "crossbeam-deque"
version = "0.8.5"
source = "registry+https://github.com/rust-lang/crates.io-index"
checksum = "613f8cc01fe9cf1a3eb3d7f488fd2fa8388403e97039e2f73692932e291a770d"
dependencies = [
 "crossbeam-epoch",
 "crossbeam-utils",
]

[[package]]
name = "crossbeam-epoch"
version = "0.9.18"
source = "registry+https://github.com/rust-lang/crates.io-index"
checksum = "5b82ac4a3c2ca9c3460964f020e1402edd5753411d7737aa39c3714ad1b5420e"
dependencies = [
 "crossbeam-utils",
]

[[package]]
name = "crossbeam-utils"
version = "0.8.19"
source = "registry+https://github.com/rust-lang/crates.io-index"
checksum = "248e3bacc7dc6baa3b21e405ee045c3047101a49145e7e9eca583ab4c2ca5345"

[[package]]
name = "dyn-clone"
version = "1.0.17"
source = "registry+https://github.com/rust-lang/crates.io-index"
checksum = "0d6ef0072f8a535281e4876be788938b528e9a1d43900b82c2569af7da799125"

[[package]]
name = "either"
version = "1.11.0"
source = "registry+https://github.com/rust-lang/crates.io-index"
checksum = "a47c1c47d2f5964e29c61246e81db715514cd532db6b5116a25ea3c03d6780a2"

[[package]]
name = "equivalent"
version = "1.0.1"
source = "registry+https://github.com/rust-lang/crates.io-index"
checksum = "5443807d6dff69373d433ab9ef5378ad8df50ca6298caf15de6e52e24aaf54d5"

[[package]]
name = "ethnum"
version = "1.5.0"
source = "registry+https://github.com/rust-lang/crates.io-index"
checksum = "b90ca2580b73ab6a1f724b76ca11ab632df820fd6040c336200d2c1df7b3c82c"

[[package]]
name = "fallible-streaming-iterator"
version = "0.1.9"
source = "registry+https://github.com/rust-lang/crates.io-index"
checksum = "7360491ce676a36bf9bb3c56c1aa791658183a54d2744120f27285738d90465a"

[[package]]
name = "fast-float"
version = "0.2.0"
source = "registry+https://github.com/rust-lang/crates.io-index"
checksum = "95765f67b4b18863968b4a1bd5bb576f732b29a4a28c7cd84c09fa3e2875f33c"

[[package]]
name = "foreign_vec"
version = "0.1.0"
source = "registry+https://github.com/rust-lang/crates.io-index"
checksum = "ee1b05cbd864bcaecbd3455d6d967862d446e4ebfc3c2e5e5b9841e53cba6673"

[[package]]
name = "getrandom"
version = "0.2.14"
source = "registry+https://github.com/rust-lang/crates.io-index"
checksum = "94b22e06ecb0110981051723910cbf0b5f5e09a2062dd7663334ee79a9d1286c"
dependencies = [
 "cfg-if",
 "js-sys",
 "libc",
 "wasi",
 "wasm-bindgen",
]

[[package]]
name = "glob"
version = "0.3.1"
source = "registry+https://github.com/rust-lang/crates.io-index"
checksum = "d2fabcfbdc87f4758337ca535fb41a6d701b65693ce38287d856d1674551ec9b"

[[package]]
name = "hashbrown"
version = "0.14.3"
source = "registry+https://github.com/rust-lang/crates.io-index"
checksum = "290f1a1d9242c78d09ce40a5e87e7554ee637af1351968159f4952f028f75604"
dependencies = [
 "ahash",
 "allocator-api2",
 "rayon",
]

[[package]]
name = "heck"
version = "0.4.1"
source = "registry+https://github.com/rust-lang/crates.io-index"
checksum = "95505c38b4572b2d910cecb0281560f54b440a19336cbbcb27bf6ce6adc6f5a8"

[[package]]
name = "home"
version = "0.5.9"
source = "registry+https://github.com/rust-lang/crates.io-index"
checksum = "e3d1354bf6b7235cb4a0576c2619fd4ed18183f689b12b006a0ee7329eeff9a5"
dependencies = [
 "windows-sys",
]

[[package]]
name = "indexmap"
version = "2.2.6"
source = "registry+https://github.com/rust-lang/crates.io-index"
checksum = "168fb715dda47215e360912c096649d23d58bf392ac62f73919e831745e40f26"
dependencies = [
 "equivalent",
 "hashbrown",
]

[[package]]
name = "itoa"
version = "1.0.11"
source = "registry+https://github.com/rust-lang/crates.io-index"
checksum = "49f1f14873335454500d59611f1cf4a4b0f786f9ac11f4312a78e4cf2566695b"

[[package]]
name = "js-sys"
version = "0.3.69"
source = "registry+https://github.com/rust-lang/crates.io-index"
checksum = "29c15563dc2726973df627357ce0c9ddddbea194836909d655df6a75d2cf296d"
dependencies = [
 "wasm-bindgen",
]

[[package]]
name = "libc"
version = "0.2.153"
source = "registry+https://github.com/rust-lang/crates.io-index"
checksum = "9c198f91728a82281a64e1f4f9eeb25d82cb32a5de251c6bd1b5154d63a8e7bd"

[[package]]
name = "libm"
version = "0.2.8"
source = "registry+https://github.com/rust-lang/crates.io-index"
checksum = "4ec2a862134d2a7d32d7983ddcdd1c4923530833c9f2ea1a44fc5fa473989058"

[[package]]
name = "log"
version = "0.4.21"
source = "registry+https://github.com/rust-lang/crates.io-index"
checksum = "90ed8c1e510134f979dbc4f070f87d4313098b704861a105fe34231c70a3901c"

[[package]]
name = "memchr"
version = "2.7.2"
source = "registry+https://github.com/rust-lang/crates.io-index"
checksum = "6c8640c5d730cb13ebd907d8d04b52f55ac9a2eec55b440c8892f40d56c76c1d"

[[package]]
name = "memmap2"
version = "0.7.1"
source = "registry+https://github.com/rust-lang/crates.io-index"
checksum = "f49388d20533534cd19360ad3d6a7dadc885944aa802ba3995040c5ec11288c6"
dependencies = [
 "libc",
]

[[package]]
name = "multiversion"
version = "0.7.4"
source = "registry+https://github.com/rust-lang/crates.io-index"
checksum = "c4851161a11d3ad0bf9402d90ffc3967bf231768bfd7aeb61755ad06dbf1a142"
dependencies = [
 "multiversion-macros",
 "target-features",
]

[[package]]
name = "multiversion-macros"
version = "0.7.4"
source = "registry+https://github.com/rust-lang/crates.io-index"
checksum = "79a74ddee9e0c27d2578323c13905793e91622148f138ba29738f9dddb835e90"
dependencies = [
 "proc-macro2",
 "quote",
 "syn 1.0.109",
 "target-features",
]

[[package]]
name = "num-traits"
version = "0.2.18"
source = "registry+https://github.com/rust-lang/crates.io-index"
checksum = "da0df0e5185db44f69b44f26786fe401b6c293d1907744beaa7fa62b2e5a517a"
dependencies = [
 "autocfg",
 "libm",
]

[[package]]
name = "once_cell"
version = "1.19.0"
source = "registry+https://github.com/rust-lang/crates.io-index"
checksum = "3fdb12b2476b595f9358c5161aa467c2438859caa136dec86c26fdd2efe17b92"

[[package]]
name = "parquet-format-safe"
version = "0.2.4"
source = "registry+https://github.com/rust-lang/crates.io-index"
checksum = "1131c54b167dd4e4799ce762e1ab01549ebb94d5bdd13e6ec1b467491c378e1f"

[[package]]
name = "percent-encoding"
version = "2.3.1"
source = "registry+https://github.com/rust-lang/crates.io-index"
checksum = "e3148f5046208a5d56bcfc03053e3ca6334e51da8dfb19b6cdc8b306fae3283e"

[[package]]
name = "planus"
version = "0.3.1"
source = "registry+https://github.com/rust-lang/crates.io-index"
checksum = "fc1691dd09e82f428ce8d6310bd6d5da2557c82ff17694d2a32cad7242aea89f"
dependencies = [
 "array-init-cursor",
]

[[package]]
name = "polars"
version = "0.39.1"
source = "registry+https://github.com/rust-lang/crates.io-index"
checksum = "1c352aaa0399c0863eecd879f2cbe585c9026c5cafe432f029025e4bec3adf43"
dependencies = [
 "getrandom",
 "polars-arrow",
 "polars-core",
 "polars-error",
 "polars-lazy",
 "polars-parquet",
 "polars-utils",
 "version_check",
]

[[package]]
name = "polars-arrow"
version = "0.39.1"
source = "registry+https://github.com/rust-lang/crates.io-index"
checksum = "f88d3cfc6b500f106f03a5f4d37f700deef38c5b58a2e843edb3ec31f5a0ec19"
dependencies = [
 "ahash",
 "atoi_simd",
 "bytemuck",
 "chrono",
 "dyn-clone",
 "either",
 "ethnum",
 "fast-float",
 "foreign_vec",
 "getrandom",
 "hashbrown",
 "itoa",
 "multiversion",
 "num-traits",
 "polars-arrow-format",
 "polars-error",
 "polars-utils",
 "ryu",
 "simdutf8",
 "streaming-iterator",
 "strength_reduce",
 "version_check",
]

[[package]]
name = "polars-arrow-format"
version = "0.1.0"
source = "registry+https://github.com/rust-lang/crates.io-index"
checksum = "19b0ef2474af9396b19025b189d96e992311e6a47f90c53cd998b36c4c64b84c"
dependencies = [
 "planus",
 "serde",
]

[[package]]
name = "polars-compute"
version = "0.39.1"
source = "registry+https://github.com/rust-lang/crates.io-index"
checksum = "cf264bfb632aaeba859fe19a87fa051d850e72542c36177ccea71fd9cae84079"
dependencies = [
 "bytemuck",
 "either",
 "num-traits",
 "polars-arrow",
 "polars-error",
 "polars-utils",
 "strength_reduce",
 "version_check",
]

[[package]]
name = "polars-core"
version = "0.39.1"
source = "registry+https://github.com/rust-lang/crates.io-index"
checksum = "85cb72917958e82f29d604429ab55851f561c7cd336f7744a7360f9e50b9ac88"
dependencies = [
 "ahash",
 "bitflags",
 "bytemuck",
 "either",
 "hashbrown",
 "indexmap",
 "num-traits",
 "once_cell",
 "polars-arrow",
 "polars-compute",
 "polars-error",
 "polars-row",
 "polars-utils",
 "rand",
 "rand_distr",
 "rayon",
 "smartstring",
 "thiserror",
 "version_check",
 "xxhash-rust",
]

[[package]]
name = "polars-error"
version = "0.39.1"
source = "registry+https://github.com/rust-lang/crates.io-index"
checksum = "c18ef81979a6d9e9fdbd25ad3bf1591cbd5c474489f785af44604cf591cd636d"
dependencies = [
 "polars-arrow-format",
 "simdutf8",
 "thiserror",
]

[[package]]
name = "polars-io"
version = "0.39.1"
source = "registry+https://github.com/rust-lang/crates.io-index"
checksum = "4d47f2cdd8e2a2bfc71b0d30444d4c378ddc0d6f80826746fc3c731c06251b42"
dependencies = [
 "ahash",
 "bytes",
 "home",
 "memchr",
 "memmap2",
 "num-traits",
 "once_cell",
 "percent-encoding",
 "polars-arrow",
 "polars-core",
 "polars-error",
 "polars-utils",
 "rayon",
 "regex",
 "smartstring",
]

[[package]]
name = "polars-lazy"
version = "0.39.1"
source = "registry+https://github.com/rust-lang/crates.io-index"
checksum = "ee5683b551f5e2bb004468edec0f87fd585f436c2e5f89b292c2bfee1b6f5d4f"
dependencies = [
 "ahash",
 "bitflags",
 "glob",
 "once_cell",
 "polars-arrow",
 "polars-core",
 "polars-io",
 "polars-ops",
 "polars-plan",
 "polars-utils",
 "rayon",
 "smartstring",
 "version_check",
]

[[package]]
name = "polars-ops"
version = "0.39.1"
source = "registry+https://github.com/rust-lang/crates.io-index"
checksum = "f311543e0e110d385867df25f47c1c740ee0cc854feead54262a24b0246383bb"
dependencies = [
 "ahash",
 "argminmax",
 "bytemuck",
 "either",
 "hashbrown",
 "indexmap",
 "memchr",
 "num-traits",
 "polars-arrow",
 "polars-compute",
 "polars-core",
 "polars-error",
 "polars-utils",
 "rayon",
 "regex",
 "smartstring",
 "version_check",
]

[[package]]
name = "polars-parquet"
version = "0.39.1"
source = "registry+https://github.com/rust-lang/crates.io-index"
checksum = "a41cd1f445fea8377350dfa2bd216785839ce97c826299c7e0e9557c1dbe887f"
dependencies = [
 "ahash",
 "base64",
 "ethnum",
 "num-traits",
 "parquet-format-safe",
 "polars-arrow",
 "polars-error",
 "polars-utils",
 "seq-macro",
 "simdutf8",
 "streaming-decompression",
]

[[package]]
name = "polars-plan"
version = "0.39.1"
source = "registry+https://github.com/rust-lang/crates.io-index"
checksum = "4c509bc273c402a8b1fbfa63df2b2e90ca10d30decab698c7739003817de67e1"
dependencies = [
 "ahash",
 "bytemuck",
 "hashbrown",
 "once_cell",
 "percent-encoding",
 "polars-arrow",
 "polars-core",
 "polars-io",
 "polars-ops",
 "polars-utils",
 "rayon",
 "recursive",
 "smartstring",
 "strum_macros",
 "version_check",
]

[[package]]
name = "polars-row"
version = "0.39.1"
source = "registry+https://github.com/rust-lang/crates.io-index"
checksum = "695a9954f5aa273e44c497c19f806177f787ccf87cd4b3044c96a5057266a861"
dependencies = [
 "bytemuck",
 "polars-arrow",
 "polars-error",
 "polars-utils",
]

[[package]]
name = "polars-row-derive"
version = "0.1.0"
dependencies = [
 "polars",
 "proc-macro2",
 "quote",
 "syn 2.0.59",
]

[[package]]
name = "polars-utils"
version = "0.39.1"
source = "registry+https://github.com/rust-lang/crates.io-index"
checksum = "355b126757b4a87da5248ae6eb644e99b5583a11ffc2d42e13b2b856d43e84be"
dependencies = [
 "ahash",
 "bytemuck",
 "hashbrown",
 "indexmap",
 "num-traits",
 "once_cell",
 "polars-error",
 "raw-cpuid",
 "rayon",
 "smartstring",
 "stacker",
 "version_check",
]

[[package]]
name = "ppv-lite86"
version = "0.2.17"
source = "registry+https://github.com/rust-lang/crates.io-index"
checksum = "5b40af805b3121feab8a3c29f04d8ad262fa8e0561883e7653e024ae4479e6de"

[[package]]
name = "proc-macro2"
version = "1.0.80"
source = "registry+https://github.com/rust-lang/crates.io-index"
checksum = "a56dea16b0a29e94408b9aa5e2940a4eedbd128a1ba20e8f7ae60fd3d465af0e"
dependencies = [
 "unicode-ident",
]

[[package]]
name = "psm"
version = "0.1.21"
source = "registry+https://github.com/rust-lang/crates.io-index"
checksum = "5787f7cda34e3033a72192c018bc5883100330f362ef279a8cbccfce8bb4e874"
dependencies = [
 "cc",
]

[[package]]
name = "quote"
version = "1.0.36"
source = "registry+https://github.com/rust-lang/crates.io-index"
checksum = "0fa76aaf39101c457836aec0ce2316dbdc3ab723cdda1c6bd4e6ad4208acaca7"
dependencies = [
 "proc-macro2",
]

[[package]]
name = "rand"
version = "0.8.5"
source = "registry+https://github.com/rust-lang/crates.io-index"
checksum = "34af8d1a0e25924bc5b7c43c079c942339d8f0a8b57c39049bef581b46327404"
dependencies = [
 "libc",
 "rand_chacha",
 "rand_core",
]

[[package]]
name = "rand_chacha"
version = "0.3.1"
source = "registry+https://github.com/rust-lang/crates.io-index"
checksum = "e6c10a63a0fa32252be49d21e7709d4d4baf8d231c2dbce1eaa8141b9b127d88"
dependencies = [
 "ppv-lite86",
 "rand_core",
]

[[package]]
name = "rand_core"
version = "0.6.4"
source = "registry+https://github.com/rust-lang/crates.io-index"
checksum = "ec0be4795e2f6a28069bec0b5ff3e2ac9bafc99e6a9a7dc3547996c5c816922c"
dependencies = [
 "getrandom",
]

[[package]]
name = "rand_distr"
version = "0.4.3"
source = "registry+https://github.com/rust-lang/crates.io-index"
checksum = "32cb0b9bc82b0a0876c2dd994a7e7a2683d3e7390ca40e6886785ef0c7e3ee31"
dependencies = [
 "num-traits",
 "rand",
]

[[package]]
name = "raw-cpuid"
version = "11.0.1"
source = "registry+https://github.com/rust-lang/crates.io-index"
checksum = "9d86a7c4638d42c44551f4791a20e687dbb4c3de1f33c43dd71e355cd429def1"
dependencies = [
 "bitflags",
]

[[package]]
name = "rayon"
version = "1.10.0"
source = "registry+https://github.com/rust-lang/crates.io-index"
checksum = "b418a60154510ca1a002a752ca9714984e21e4241e804d32555251faf8b78ffa"
dependencies = [
 "either",
 "rayon-core",
]

[[package]]
name = "rayon-core"
version = "1.12.1"
source = "registry+https://github.com/rust-lang/crates.io-index"
checksum = "1465873a3dfdaa8ae7cb14b4383657caab0b3e8a0aa9ae8e04b044854c8dfce2"
dependencies = [
 "crossbeam-deque",
 "crossbeam-utils",
]

[[package]]
name = "recursive"
version = "0.1.1"
source = "registry+https://github.com/rust-lang/crates.io-index"
checksum = "0786a43debb760f491b1bc0269fe5e84155353c67482b9e60d0cfb596054b43e"
dependencies = [
 "recursive-proc-macro-impl",
 "stacker",
]

[[package]]
name = "recursive-proc-macro-impl"
version = "0.1.1"
source = "registry+https://github.com/rust-lang/crates.io-index"
checksum = "76009fbe0614077fc1a2ce255e3a1881a2e3a3527097d5dc6d8212c585e7e38b"
dependencies = [
 "quote",
 "syn 2.0.59",
]

[[package]]
name = "regex"
version = "1.10.4"
source = "registry+https://github.com/rust-lang/crates.io-index"
checksum = "c117dbdfde9c8308975b6a18d71f3f385c89461f7b3fb054288ecf2a2058ba4c"
dependencies = [
 "aho-corasick",
 "memchr",
 "regex-automata",
 "regex-syntax",
]

[[package]]
name = "regex-automata"
version = "0.4.6"
source = "registry+https://github.com/rust-lang/crates.io-index"
checksum = "86b83b8b9847f9bf95ef68afb0b8e6cdb80f498442f5179a29fad448fcc1eaea"
dependencies = [
 "aho-corasick",
 "memchr",
 "regex-syntax",
]

[[package]]
name = "regex-syntax"
version = "0.8.3"
source = "registry+https://github.com/rust-lang/crates.io-index"
checksum = "adad44e29e4c806119491a7f06f03de4d1af22c3a680dd47f1e6e179439d1f56"

[[package]]
name = "rustversion"
version = "1.0.15"
source = "registry+https://github.com/rust-lang/crates.io-index"
checksum = "80af6f9131f277a45a3fba6ce8e2258037bb0477a67e610d3c1fe046ab31de47"

[[package]]
name = "ryu"
version = "1.0.17"
source = "registry+https://github.com/rust-lang/crates.io-index"
checksum = "e86697c916019a8588c99b5fac3cead74ec0b4b819707a682fd4d23fa0ce1ba1"

[[package]]
name = "seq-macro"
version = "0.3.5"
source = "registry+https://github.com/rust-lang/crates.io-index"
checksum = "a3f0bf26fd526d2a95683cd0f87bf103b8539e2ca1ef48ce002d67aad59aa0b4"

[[package]]
name = "serde"
version = "1.0.198"
source = "registry+https://github.com/rust-lang/crates.io-index"
checksum = "9846a40c979031340571da2545a4e5b7c4163bdae79b301d5f86d03979451fcc"
dependencies = [
 "serde_derive",
]

[[package]]
name = "serde_derive"
version = "1.0.198"
source = "registry+https://github.com/rust-lang/crates.io-index"
checksum = "e88edab869b01783ba905e7d0153f9fc1a6505a96e4ad3018011eedb838566d9"
dependencies = [
 "proc-macro2",
 "quote",
 "syn 2.0.59",
]

[[package]]
name = "simdutf8"
version = "0.1.4"
source = "registry+https://github.com/rust-lang/crates.io-index"
checksum = "f27f6278552951f1f2b8cf9da965d10969b2efdea95a6ec47987ab46edfe263a"

[[package]]
name = "smartstring"
version = "1.0.1"
source = "registry+https://github.com/rust-lang/crates.io-index"
checksum = "3fb72c633efbaa2dd666986505016c32c3044395ceaf881518399d2f4127ee29"
dependencies = [
 "autocfg",
 "static_assertions",
 "version_check",
]

[[package]]
name = "stacker"
version = "0.1.15"
source = "registry+https://github.com/rust-lang/crates.io-index"
checksum = "c886bd4480155fd3ef527d45e9ac8dd7118a898a46530b7b94c3e21866259fce"
dependencies = [
 "cc",
 "cfg-if",
 "libc",
 "psm",
 "winapi",
]

[[package]]
name = "static_assertions"
version = "1.1.0"
source = "registry+https://github.com/rust-lang/crates.io-index"
checksum = "a2eb9349b6444b326872e140eb1cf5e7c522154d69e7a0ffb0fb81c06b37543f"

[[package]]
name = "streaming-decompression"
version = "0.1.2"
source = "registry+https://github.com/rust-lang/crates.io-index"
checksum = "bf6cc3b19bfb128a8ad11026086e31d3ce9ad23f8ea37354b31383a187c44cf3"
dependencies = [
 "fallible-streaming-iterator",
]

[[package]]
name = "streaming-iterator"
version = "0.1.9"
source = "registry+https://github.com/rust-lang/crates.io-index"
checksum = "2b2231b7c3057d5e4ad0156fb3dc807d900806020c5ffa3ee6ff2c8c76fb8520"

[[package]]
name = "strength_reduce"
version = "0.2.4"
source = "registry+https://github.com/rust-lang/crates.io-index"
checksum = "fe895eb47f22e2ddd4dabc02bce419d2e643c8e3b585c78158b349195bc24d82"

[[package]]
name = "strum_macros"
version = "0.25.3"
source = "registry+https://github.com/rust-lang/crates.io-index"
checksum = "23dc1fa9ac9c169a78ba62f0b841814b7abae11bdd047b9c58f893439e309ea0"
dependencies = [
 "heck",
 "proc-macro2",
 "quote",
 "rustversion",
 "syn 2.0.59",
]

[[package]]
name = "syn"
version = "1.0.109"
source = "registry+https://github.com/rust-lang/crates.io-index"
checksum = "72b64191b275b66ffe2469e8af2c1cfe3bafa67b529ead792a6d0160888b4237"
dependencies = [
 "proc-macro2",
 "quote",
 "unicode-ident",
]

[[package]]
name = "syn"
version = "2.0.59"
source = "registry+https://github.com/rust-lang/crates.io-index"
checksum = "4a6531ffc7b071655e4ce2e04bd464c4830bb585a61cabb96cf808f05172615a"
dependencies = [
 "proc-macro2",
 "quote",
 "unicode-ident",
]

[[package]]
name = "target-features"
version = "0.1.6"
source = "registry+https://github.com/rust-lang/crates.io-index"
checksum = "c1bbb9f3c5c463a01705937a24fdabc5047929ac764b2d5b9cf681c1f5041ed5"

[[package]]
name = "thiserror"
version = "1.0.58"
source = "registry+https://github.com/rust-lang/crates.io-index"
checksum = "03468839009160513471e86a034bb2c5c0e4baae3b43f79ffc55c4a5427b3297"
dependencies = [
 "thiserror-impl",
]

[[package]]
name = "thiserror-impl"
version = "1.0.58"
source = "registry+https://github.com/rust-lang/crates.io-index"
checksum = "c61f3ba182994efc43764a46c018c347bc492c79f024e705f46567b418f6d4f7"
dependencies = [
 "proc-macro2",
 "quote",
 "syn 2.0.59",
]

[[package]]
name = "unicode-ident"
version = "1.0.12"
source = "registry+https://github.com/rust-lang/crates.io-index"
checksum = "3354b9ac3fae1ff6755cb6db53683adb661634f67557942dea4facebec0fee4b"

[[package]]
name = "version_check"
version = "0.9.4"
source = "registry+https://github.com/rust-lang/crates.io-index"
checksum = "49874b5167b65d7193b8aba1567f5c7d93d001cafc34600cee003eda787e483f"

[[package]]
name = "wasi"
version = "0.11.0+wasi-snapshot-preview1"
source = "registry+https://github.com/rust-lang/crates.io-index"
checksum = "9c8d87e72b64a3b4db28d11ce29237c246188f4f51057d65a7eab63b7987e423"

[[package]]
name = "wasm-bindgen"
version = "0.2.92"
source = "registry+https://github.com/rust-lang/crates.io-index"
checksum = "4be2531df63900aeb2bca0daaaddec08491ee64ceecbee5076636a3b026795a8"
dependencies = [
 "cfg-if",
 "wasm-bindgen-macro",
]

[[package]]
name = "wasm-bindgen-backend"
version = "0.2.92"
source = "registry+https://github.com/rust-lang/crates.io-index"
checksum = "614d787b966d3989fa7bb98a654e369c762374fd3213d212cfc0251257e747da"
dependencies = [
 "bumpalo",
 "log",
 "once_cell",
 "proc-macro2",
 "quote",
 "syn 2.0.59",
 "wasm-bindgen-shared",
]

[[package]]
name = "wasm-bindgen-macro"
version = "0.2.92"
source = "registry+https://github.com/rust-lang/crates.io-index"
checksum = "a1f8823de937b71b9460c0c34e25f3da88250760bec0ebac694b49997550d726"
dependencies = [
 "quote",
 "wasm-bindgen-macro-support",
]

[[package]]
name = "wasm-bindgen-macro-support"
version = "0.2.92"
source = "registry+https://github.com/rust-lang/crates.io-index"
checksum = "e94f17b526d0a461a191c78ea52bbce64071ed5c04c9ffe424dcb38f74171bb7"
dependencies = [
 "proc-macro2",
 "quote",
 "syn 2.0.59",
 "wasm-bindgen-backend",
 "wasm-bindgen-shared",
]

[[package]]
name = "wasm-bindgen-shared"
version = "0.2.92"
source = "registry+https://github.com/rust-lang/crates.io-index"
checksum = "af190c94f2773fdb3729c55b007a722abb5384da03bc0986df4c289bf5567e96"

[[package]]
name = "winapi"
version = "0.3.9"
source = "registry+https://github.com/rust-lang/crates.io-index"
checksum = "5c839a674fcd7a98952e593242ea400abe93992746761e38641405d28b00f419"
dependencies = [
 "winapi-i686-pc-windows-gnu",
 "winapi-x86_64-pc-windows-gnu",
]

[[package]]
name = "winapi-i686-pc-windows-gnu"
version = "0.4.0"
source = "registry+https://github.com/rust-lang/crates.io-index"
checksum = "ac3b87c63620426dd9b991e5ce0329eff545bccbbb34f3be09ff6fb6ab51b7b6"

[[package]]
name = "winapi-x86_64-pc-windows-gnu"
version = "0.4.0"
source = "registry+https://github.com/rust-lang/crates.io-index"
checksum = "712e227841d057c1ee1cd2fb22fa7e5a5461ae8e48fa2ca79ec42cfc1931183f"

[[package]]
name = "windows-sys"
version = "0.52.0"
source = "registry+https://github.com/rust-lang/crates.io-index"
checksum = "282be5f36a8ce781fad8c8ae18fa3f9beff57ec1b52cb3de0789201425d9a33d"
dependencies = [
 "windows-targets",
]

[[package]]
name = "windows-targets"
version = "0.52.5"
source = "registry+https://github.com/rust-lang/crates.io-index"
checksum = "6f0713a46559409d202e70e28227288446bf7841d3211583a4b53e3f6d96e7eb"
dependencies = [
 "windows_aarch64_gnullvm",
 "windows_aarch64_msvc",
 "windows_i686_gnu",
 "windows_i686_gnullvm",
 "windows_i686_msvc",
 "windows_x86_64_gnu",
 "windows_x86_64_gnullvm",
 "windows_x86_64_msvc",
]

[[package]]
name = "windows_aarch64_gnullvm"
version = "0.52.5"
source = "registry+https://github.com/rust-lang/crates.io-index"
checksum = "7088eed71e8b8dda258ecc8bac5fb1153c5cffaf2578fc8ff5d61e23578d3263"

[[package]]
name = "windows_aarch64_msvc"
version = "0.52.5"
source = "registry+https://github.com/rust-lang/crates.io-index"
checksum = "9985fd1504e250c615ca5f281c3f7a6da76213ebd5ccc9561496568a2752afb6"

[[package]]
name = "windows_i686_gnu"
version = "0.52.5"
source = "registry+https://github.com/rust-lang/crates.io-index"
checksum = "88ba073cf16d5372720ec942a8ccbf61626074c6d4dd2e745299726ce8b89670"

[[package]]
name = "windows_i686_gnullvm"
version = "0.52.5"
source = "registry+https://github.com/rust-lang/crates.io-index"
checksum = "87f4261229030a858f36b459e748ae97545d6f1ec60e5e0d6a3d32e0dc232ee9"

[[package]]
name = "windows_i686_msvc"
version = "0.52.5"
source = "registry+https://github.com/rust-lang/crates.io-index"
checksum = "db3c2bf3d13d5b658be73463284eaf12830ac9a26a90c717b7f771dfe97487bf"

[[package]]
name = "windows_x86_64_gnu"
version = "0.52.5"
source = "registry+https://github.com/rust-lang/crates.io-index"
checksum = "4e4246f76bdeff09eb48875a0fd3e2af6aada79d409d33011886d3e1581517d9"

[[package]]
name = "windows_x86_64_gnullvm"
version = "0.52.5"
source = "registry+https://github.com/rust-lang/crates.io-index"
checksum = "852298e482cd67c356ddd9570386e2862b5673c85bd5f88df9ab6802b334c596"

[[package]]
name = "windows_x86_64_msvc"
version = "0.52.5"
source = "registry+https://github.com/rust-lang/crates.io-index"
checksum = "bec47e5bfd1bff0eeaf6d8b485cc1074891a197ab4225d504cb7a1ab88b02bf0"

[[package]]
name = "xxhash-rust"
version = "0.8.10"
source = "registry+https://github.com/rust-lang/crates.io-index"
checksum = "927da81e25be1e1a2901d59b81b37dd2efd1fc9c9345a55007f09bf5a2d3ee03"

[[package]]
name = "zerocopy"
version = "0.7.32"
source = "registry+https://github.com/rust-lang/crates.io-index"
checksum = "74d4d3961e53fa4c9a25a8637fc2bfaf2595b3d3ae34875568a5cf64787716be"
dependencies = [
 "zerocopy-derive",
]

[[package]]
name = "zerocopy-derive"
version = "0.7.32"
source = "registry+https://github.com/rust-lang/crates.io-index"
checksum = "9ce1b18ccd8e73a9321186f97e46f9f04b778851177567b1975109d26a08d2a6"
dependencies = [
 "proc-macro2",
 "quote",
 "syn 2.0.59",
]
